// !$*UTF8*$!
{
	archiveVersion = 1;
	classes = {
	};
	objectVersion = 50;
	objects = {

/* Begin PBXBuildFile section */
		103344AF268DB8DD00E57A97 /* AppDelegate.swift in Sources */ = {isa = PBXBuildFile; fileRef = 103344AE268DB8DD00E57A97 /* AppDelegate.swift */; };
		103344B1268DB8DD00E57A97 /* SceneDelegate.swift in Sources */ = {isa = PBXBuildFile; fileRef = 103344B0268DB8DD00E57A97 /* SceneDelegate.swift */; };
		103344B3268DB8DD00E57A97 /* ViewController.swift in Sources */ = {isa = PBXBuildFile; fileRef = 103344B2268DB8DD00E57A97 /* ViewController.swift */; };
		103344B6268DB8DD00E57A97 /* Main.storyboard in Resources */ = {isa = PBXBuildFile; fileRef = 103344B4268DB8DD00E57A97 /* Main.storyboard */; };
		103344B8268DB8E500E57A97 /* Assets.xcassets in Resources */ = {isa = PBXBuildFile; fileRef = 103344B7268DB8E500E57A97 /* Assets.xcassets */; };
		103344BB268DB8E500E57A97 /* LaunchScreen.storyboard in Resources */ = {isa = PBXBuildFile; fileRef = 103344B9268DB8E500E57A97 /* LaunchScreen.storyboard */; };
		103344C7268E0A6C00E57A97 /* DetailViewController.swift in Sources */ = {isa = PBXBuildFile; fileRef = 103344C6268E0A6C00E57A97 /* DetailViewController.swift */; };
/* End PBXBuildFile section */

/* Begin PBXFileReference section */
		103344AB268DB8DD00E57A97 /* SimpleBrowser-P4.app */ = {isa = PBXFileReference; explicitFileType = wrapper.application; includeInIndex = 0; path = "SimpleBrowser-P4.app"; sourceTree = BUILT_PRODUCTS_DIR; };
		103344AE268DB8DD00E57A97 /* AppDelegate.swift */ = {isa = PBXFileReference; lastKnownFileType = sourcecode.swift; path = AppDelegate.swift; sourceTree = "<group>"; };
		103344B0268DB8DD00E57A97 /* SceneDelegate.swift */ = {isa = PBXFileReference; lastKnownFileType = sourcecode.swift; path = SceneDelegate.swift; sourceTree = "<group>"; };
		103344B2268DB8DD00E57A97 /* ViewController.swift */ = {isa = PBXFileReference; lastKnownFileType = sourcecode.swift; path = ViewController.swift; sourceTree = "<group>"; };
		103344B5268DB8DD00E57A97 /* Base */ = {isa = PBXFileReference; lastKnownFileType = file.storyboard; name = Base; path = Base.lproj/Main.storyboard; sourceTree = "<group>"; };
		103344B7268DB8E500E57A97 /* Assets.xcassets */ = {isa = PBXFileReference; lastKnownFileType = folder.assetcatalog; path = Assets.xcassets; sourceTree = "<group>"; };
		103344BA268DB8E500E57A97 /* Base */ = {isa = PBXFileReference; lastKnownFileType = file.storyboard; name = Base; path = Base.lproj/LaunchScreen.storyboard; sourceTree = "<group>"; };
		103344BC268DB8E500E57A97 /* Info.plist */ = {isa = PBXFileReference; lastKnownFileType = text.plist.xml; path = Info.plist; sourceTree = "<group>"; };
		103344C6268E0A6C00E57A97 /* DetailViewController.swift */ = {isa = PBXFileReference; lastKnownFileType = sourcecode.swift; path = DetailViewController.swift; sourceTree = "<group>"; };
/* End PBXFileReference section */

/* Begin PBXFrameworksBuildPhase section */
		103344A8268DB8DD00E57A97 /* Frameworks */ = {
			isa = PBXFrameworksBuildPhase;
			buildActionMask = 2147483647;
			files = (
			);
			runOnlyForDeploymentPostprocessing = 0;
		};
/* End PBXFrameworksBuildPhase section */

/* Begin PBXGroup section */
		103344A2268DB8DD00E57A97 = {
			isa = PBXGroup;
			children = (
				103344AD268DB8DD00E57A97 /* SimpleBrowser-P4 */,
				103344AC268DB8DD00E57A97 /* Products */,
			);
			sourceTree = "<group>";
		};
		103344AC268DB8DD00E57A97 /* Products */ = {
			isa = PBXGroup;
			children = (
				103344AB268DB8DD00E57A97 /* SimpleBrowser-P4.app */,
			);
			name = Products;
			sourceTree = "<group>";
		};
		103344AD268DB8DD00E57A97 /* SimpleBrowser-P4 */ = {
			isa = PBXGroup;
			children = (
				103344AE268DB8DD00E57A97 /* AppDelegate.swift */,
				103344B0268DB8DD00E57A97 /* SceneDelegate.swift */,
				103344B2268DB8DD00E57A97 /* ViewController.swift */,
				103344C6268E0A6C00E57A97 /* DetailViewController.swift */,
				103344B4268DB8DD00E57A97 /* Main.storyboard */,
				103344B7268DB8E500E57A97 /* Assets.xcassets */,
				103344B9268DB8E500E57A97 /* LaunchScreen.storyboard */,
				103344BC268DB8E500E57A97 /* Info.plist */,
			);
			path = "SimpleBrowser-P4";
			sourceTree = "<group>";
		};
/* End PBXGroup section */

/* Begin PBXNativeTarget section */
		103344AA268DB8DD00E57A97 /* SimpleBrowser-P4 */ = {
			isa = PBXNativeTarget;
			buildConfigurationList = 103344BF268DB8E500E57A97 /* Build configuration list for PBXNativeTarget "SimpleBrowser-P4" */;
			buildPhases = (
				103344A7268DB8DD00E57A97 /* Sources */,
				103344A8268DB8DD00E57A97 /* Frameworks */,
				103344A9268DB8DD00E57A97 /* Resources */,
			);
			buildRules = (
			);
			dependencies = (
			);
			name = "SimpleBrowser-P4";
			productName = "SimpleBrowser-P4";
			productReference = 103344AB268DB8DD00E57A97 /* SimpleBrowser-P4.app */;
			productType = "com.apple.product-type.application";
		};
/* End PBXNativeTarget section */

/* Begin PBXProject section */
		103344A3268DB8DD00E57A97 /* Project object */ = {
			isa = PBXProject;
			attributes = {
				LastSwiftUpdateCheck = 1240;
				LastUpgradeCheck = 1240;
				TargetAttributes = {
					103344AA268DB8DD00E57A97 = {
						CreatedOnToolsVersion = 12.4;
					};
				};
			};
			buildConfigurationList = 103344A6268DB8DD00E57A97 /* Build configuration list for PBXProject "SimpleBrowser-P4" */;
			compatibilityVersion = "Xcode 9.3";
			developmentRegion = en;
			hasScannedForEncodings = 0;
			knownRegions = (
				en,
				Base,
			);
			mainGroup = 103344A2268DB8DD00E57A97;
			productRefGroup = 103344AC268DB8DD00E57A97 /* Products */;
			projectDirPath = "";
			projectRoot = "";
			targets = (
				103344AA268DB8DD00E57A97 /* SimpleBrowser-P4 */,
			);
		};
/* End PBXProject section */

/* Begin PBXResourcesBuildPhase section */
		103344A9268DB8DD00E57A97 /* Resources */ = {
			isa = PBXResourcesBuildPhase;
			buildActionMask = 2147483647;
			files = (
				103344BB268DB8E500E57A97 /* LaunchScreen.storyboard in Resources */,
				103344B8268DB8E500E57A97 /* Assets.xcassets in Resources */,
				103344B6268DB8DD00E57A97 /* Main.storyboard in Resources */,
			);
			runOnlyForDeploymentPostprocessing = 0;
		};
/* End PBXResourcesBuildPhase section */

/* Begin PBXSourcesBuildPhase section */
		103344A7268DB8DD00E57A97 /* Sources */ = {
			isa = PBXSourcesBuildPhase;
			buildActionMask = 2147483647;
			files = (
				103344B3268DB8DD00E57A97 /* ViewController.swift in Sources */,
				103344AF268DB8DD00E57A97 /* AppDelegate.swift in Sources */,
				103344B1268DB8DD00E57A97 /* SceneDelegate.swift in Sources */,
				103344C7268E0A6C00E57A97 /* DetailViewController.swift in Sources */,
			);
			runOnlyForDeploymentPostprocessing = 0;
		};
/* End PBXSourcesBuildPhase section */

/* Begin PBXVariantGroup section */
		103344B4268DB8DD00E57A97 /* Main.storyboard */ = {
			isa = PBXVariantGroup;
			children = (
				103344B5268DB8DD00E57A97 /* Base */,
			);
			name = Main.storyboard;
			sourceTree = "<group>";
		};
		103344B9268DB8E500E57A97 /* LaunchScreen.storyboard */ = {
			isa = PBXVariantGroup;
			children = (
				103344BA268DB8E500E57A97 /* Base */,
			);
			name = LaunchScreen.storyboard;
			sourceTree = "<group>";
		};
/* End PBXVariantGroup section */

/* Begin XCBuildConfiguration section */
		103344BD268DB8E500E57A97 /* Debug */ = {
			isa = XCBuildConfiguration;
			buildSettings = {
				ALWAYS_SEARCH_USER_PATHS = NO;
				CLANG_ANALYZER_NONNULL = YES;
				CLANG_ANALYZER_NUMBER_OBJECT_CONVERSION = YES_AGGRESSIVE;
				CLANG_CXX_LANGUAGE_STANDARD = "gnu++14";
				CLANG_CXX_LIBRARY = "libc++";
				CLANG_ENABLE_MODULES = YES;
				CLANG_ENABLE_OBJC_ARC = YES;
				CLANG_ENABLE_OBJC_WEAK = YES;
				CLANG_WARN_BLOCK_CAPTURE_AUTORELEASING = YES;
				CLANG_WARN_BOOL_CONVERSION = YES;
				CLANG_WARN_COMMA = YES;
				CLANG_WARN_CONSTANT_CONVERSION = YES;
				CLANG_WARN_DEPRECATED_OBJC_IMPLEMENTATIONS = YES;
				CLANG_WARN_DIRECT_OBJC_ISA_USAGE = YES_ERROR;
				CLANG_WARN_DOCUMENTATION_COMMENTS = YES;
				CLANG_WARN_EMPTY_BODY = YES;
				CLANG_WARN_ENUM_CONVERSION = YES;
				CLANG_WARN_INFINITE_RECURSION = YES;
				CLANG_WARN_INT_CONVERSION = YES;
				CLANG_WARN_NON_LITERAL_NULL_CONVERSION = YES;
				CLANG_WARN_OBJC_IMPLICIT_RETAIN_SELF = YES;
				CLANG_WARN_OBJC_LITERAL_CONVERSION = YES;
				CLANG_WARN_OBJC_ROOT_CLASS = YES_ERROR;
				CLANG_WARN_QUOTED_INCLUDE_IN_FRAMEWORK_HEADER = YES;
				CLANG_WARN_RANGE_LOOP_ANALYSIS = YES;
				CLANG_WARN_STRICT_PROTOTYPES = YES;
				CLANG_WARN_SUSPICIOUS_MOVE = YES;
				CLANG_WARN_UNGUARDED_AVAILABILITY = YES_AGGRESSIVE;
				CLANG_WARN_UNREACHABLE_CODE = YES;
				CLANG_WARN__DUPLICATE_METHOD_MATCH = YES;
				COPY_PHASE_STRIP = NO;
				DEBUG_INFORMATION_FORMAT = dwarf;
				ENABLE_STRICT_OBJC_MSGSEND = YES;
				ENABLE_TESTABILITY = YES;
				GCC_C_LANGUAGE_STANDARD = gnu11;
				GCC_DYNAMIC_NO_PIC = NO;
				GCC_NO_COMMON_BLOCKS = YES;
				GCC_OPTIMIZATION_LEVEL = 0;
				GCC_PREPROCESSOR_DEFINITIONS = (
					"DEBUG=1",
					"$(inherited)",
				);
				GCC_WARN_64_TO_32_BIT_CONVERSION = YES;
				GCC_WARN_ABOUT_RETURN_TYPE = YES_ERROR;
				GCC_WARN_UNDECLARED_SELECTOR = YES;
				GCC_WARN_UNINITIALIZED_AUTOS = YES_AGGRESSIVE;
				GCC_WARN_UNUSED_FUNCTION = YES;
				GCC_WARN_UNUSED_VARIABLE = YES;
				IPHONEOS_DEPLOYMENT_TARGET = 14.4;
				MTL_ENABLE_DEBUG_INFO = INCLUDE_SOURCE;
				MTL_FAST_MATH = YES;
				ONLY_ACTIVE_ARCH = YES;
				SDKROOT = iphoneos;
				SWIFT_ACTIVE_COMPILATION_CONDITIONS = DEBUG;
				SWIFT_OPTIMIZATION_LEVEL = "-Onone";
			};
			name = Debug;
		};
		103344BE268DB8E500E57A97 /* Release */ = {
			isa = XCBuildConfiguration;
			buildSettings = {
				ALWAYS_SEARCH_USER_PATHS = NO;
				CLANG_ANALYZER_NONNULL = YES;
				CLANG_ANALYZER_NUMBER_OBJECT_CONVERSION = YES_AGGRESSIVE;
				CLANG_CXX_LANGUAGE_STANDARD = "gnu++14";
				CLANG_CXX_LIBRARY = "libc++";
				CLANG_ENABLE_MODULES = YES;
				CLANG_ENABLE_OBJC_ARC = YES;
				CLANG_ENABLE_OBJC_WEAK = YES;
				CLANG_WARN_BLOCK_CAPTURE_AUTORELEASING = YES;
				CLANG_WARN_BOOL_CONVERSION = YES;
				CLANG_WARN_COMMA = YES;
				CLANG_WARN_CONSTANT_CONVERSION = YES;
				CLANG_WARN_DEPRECATED_OBJC_IMPLEMENTATIONS = YES;
				CLANG_WARN_DIRECT_OBJC_ISA_USAGE = YES_ERROR;
				CLANG_WARN_DOCUMENTATION_COMMENTS = YES;
				CLANG_WARN_EMPTY_BODY = YES;
				CLANG_WARN_ENUM_CONVERSION = YES;
				CLANG_WARN_INFINITE_RECURSION = YES;
				CLANG_WARN_INT_CONVERSION = YES;
				CLANG_WARN_NON_LITERAL_NULL_CONVERSION = YES;
				CLANG_WARN_OBJC_IMPLICIT_RETAIN_SELF = YES;
				CLANG_WARN_OBJC_LITERAL_CONVERSION = YES;
				CLANG_WARN_OBJC_ROOT_CLASS = YES_ERROR;
				CLANG_WARN_QUOTED_INCLUDE_IN_FRAMEWORK_HEADER = YES;
				CLANG_WARN_RANGE_LOOP_ANALYSIS = YES;
				CLANG_WARN_STRICT_PROTOTYPES = YES;
				CLANG_WARN_SUSPICIOUS_MOVE = YES;
				CLANG_WARN_UNGUARDED_AVAILABILITY = YES_AGGRESSIVE;
				CLANG_WARN_UNREACHABLE_CODE = YES;
				CLANG_WARN__DUPLICATE_METHOD_MATCH = YES;
				COPY_PHASE_STRIP = NO;
				DEBUG_INFORMATION_FORMAT = "dwarf-with-dsym";
				ENABLE_NS_ASSERTIONS = NO;
				ENABLE_STRICT_OBJC_MSGSEND = YES;
				GCC_C_LANGUAGE_STANDARD = gnu11;
				GCC_NO_COMMON_BLOCKS = YES;
				GCC_WARN_64_TO_32_BIT_CONVERSION = YES;
				GCC_WARN_ABOUT_RETURN_TYPE = YES_ERROR;
				GCC_WARN_UNDECLARED_SELECTOR = YES;
				GCC_WARN_UNINITIALIZED_AUTOS = YES_AGGRESSIVE;
				GCC_WARN_UNUSED_FUNCTION = YES;
				GCC_WARN_UNUSED_VARIABLE = YES;
				IPHONEOS_DEPLOYMENT_TARGET = 14.4;
				MTL_ENABLE_DEBUG_INFO = NO;
				MTL_FAST_MATH = YES;
				SDKROOT = iphoneos;
				SWIFT_COMPILATION_MODE = wholemodule;
				SWIFT_OPTIMIZATION_LEVEL = "-O";
				VALIDATE_PRODUCT = YES;
			};
			name = Release;
		};
		103344C0268DB8E500E57A97 /* Debug */ = {
			isa = XCBuildConfiguration;
			buildSettings = {
				ASSETCATALOG_COMPILER_APPICON_NAME = AppIcon;
				ASSETCATALOG_COMPILER_GLOBAL_ACCENT_COLOR_NAME = AccentColor;
				CODE_SIGN_STYLE = Automatic;
				DEVELOPMENT_TEAM = K88U6586P3;
				INFOPLIST_FILE = "SimpleBrowser-P4/Info.plist";
				LD_RUNPATH_SEARCH_PATHS = (
					"$(inherited)",
					"@executable_path/Frameworks",
				);
				PRODUCT_BUNDLE_IDENTIFIER = "LN.SimpleBrowser-P4";
				PRODUCT_NAME = "$(TARGET_NAME)";
				SWIFT_VERSION = 5.0;
				TARGETED_DEVICE_FAMILY = "1,2";
			};
			name = Debug;
		};
		103344C1268DB8E500E57A97 /* Release */ = {
			isa = XCBuildConfiguration;
			buildSettings = {
				ASSETCATALOG_COMPILER_APPICON_NAME = AppIcon;
				ASSETCATALOG_COMPILER_GLOBAL_ACCENT_COLOR_NAME = AccentColor;
				CODE_SIGN_STYLE = Automatic;
				DEVELOPMENT_TEAM = K88U6586P3;
				INFOPLIST_FILE = "SimpleBrowser-P4/Info.plist";
				LD_RUNPATH_SEARCH_PATHS = (
					"$(inherited)",
					"@executable_path/Frameworks",
				);
				PRODUCT_BUNDLE_IDENTIFIER = "LN.SimpleBrowser-P4";
				PRODUCT_NAME = "$(TARGET_NAME)";
				SWIFT_VERSION = 5.0;
				TARGETED_DEVICE_FAMILY = "1,2";
			};
			name = Release;
		};
/* End XCBuildConfiguration section */

/* Begin XCConfigurationList section */
		103344A6268DB8DD00E57A97 /* Build configuration list for PBXProject "SimpleBrowser-P4" */ = {
			isa = XCConfigurationList;
			buildConfigurations = (
				103344BD268DB8E500E57A97 /* Debug */,
				103344BE268DB8E500E57A97 /* Release */,
			);
			defaultConfigurationIsVisible = 0;
			defaultConfigurationName = Release;
		};
		103344BF268DB8E500E57A97 /* Build configuration list for PBXNativeTarget "SimpleBrowser-P4" */ = {
			isa = XCConfigurationList;
			buildConfigurations = (
				103344C0268DB8E500E57A97 /* Debug */,
				103344C1268DB8E500E57A97 /* Release */,
			);
			defaultConfigurationIsVisible = 0;
			defaultConfigurationName = Release;
		};
/* End XCConfigurationList section */
	};
	rootObject = 103344A3268DB8DD00E57A97 /* Project object */;
}
